schemaVersion: 1
dependencies:
    - alias: cloud-api
      path: models.example/coffee-fleet/cloud-api@v0
      version: v0.1.0
      publications:
        - public
      digest: sha256:ce3eba64b93991936fe904dbb3b61ee2be0cfd402fc03352e2982fb363265511
    - alias: ota-agent
      path: models.example/coffee-fleet/ota-agent@v0
      version: v0.1.0
      publications:
        - public
      digest: sha256:76e61633dab9002db42630cf7c13563e7385786802f84485d060b0d76f5b2ef2
    - alias: telemetry
      path: models.example/coffee-fleet/telemetry@v0
      version: v0.1.0
      publications:
        - public
      digest: sha256:d764ae8c8ea4790881727d60ffb751f9dedee640a0427d94ce065e220812f5c5
