schemaVersion: 1
dependencies:
    - alias: cloud-api
      path: models.example/coffee-fleet/cloud-api@v0
      version: v0.1.0
      publications:
        - public
      digest: sha256:1e706138167b6d58c6477ed193ead3aa0ad9df0b5a80db73363de119627d5b29
    - alias: ota-agent
      path: models.example/coffee-fleet/ota-agent@v0
      version: v0.1.0
      publications:
        - public
      digest: sha256:4090b68d7dabaaf74d282507461a9df12bac3efea024239be9e4547c8c943bea
    - alias: telemetry
      path: models.example/coffee-fleet/telemetry@v0
      version: v0.1.0
      publications:
        - public
      digest: sha256:7748e63a6b2dd458293178138884ae3495883cf219bd15332214c9941f23edc6
