schemaVersion: 1
dependencies:
    - alias: cloud-api
      path: models.example/coffee-fleet/cloud-api@v0
      version: v0.1.0
      publications:
        - public
      digest: sha256:95bf88a9ed0dacc4bb6a14f584c4d1ae00e0617bc890d7b6f5142524620b7620
    - alias: ota-agent
      path: models.example/coffee-fleet/ota-agent@v0
      version: v0.1.0
      publications:
        - public
      digest: sha256:0d329468601ec29e12f9539b48c057f3da1e1efcb4bf77837610316de5bd46da
    - alias: telemetry
      path: models.example/coffee-fleet/telemetry@v0
      version: v0.1.0
      publications:
        - public
      digest: sha256:20957e01120ff7107d0d4abccaa92dc16e474165a90f4c5d59acd45979a7d007
